{
  "name": "node-fs-hw",
  "version": "1.0.0",
  "lockfileVersion": 2,
  "requires": true,
  "packages": {
    "": {
      "version": "1.0.0",
      "license": "ISC",
      "dependencies": {
        "server.js": "^1.0.0"
      }
    },
    "node_modules/server.js": {
      "version": "1.0.0",
      "resolved": "https://registry.npmjs.org/server.js/-/server.js-1.0.0.tgz",
      "integrity": "sha1-xFQFyKUqOzszfxaLvCSWjurddgQ="
    }
  },
  "dependencies": {
    "server.js": {
      "version": "1.0.0",
      "resolved": "https://registry.npmjs.org/server.js/-/server.js-1.0.0.tgz",
      "integrity": "sha1-xFQFyKUqOzszfxaLvCSWjurddgQ="
    }
  }
}
